{
  "name": "xess",
  "version": "1.0.0",
  "lockfileVersion": 3,
  "requires": true,
  "packages": {
    "": {
      "name": "xess",
      "version": "1.0.0",
      "license": "ISC",
      "dependencies": {
        "color-2-name": "^1.4.4",
        "uWebSockets.js": "github:uNetworking/uWebSockets.js#v20.51.0"
      }
    },
    "node_modules/color-2-name": {
      "version": "1.4.4",
      "resolved": "https://registry.npmjs.org/color-2-name/-/color-2-name-1.4.4.tgz",
      "integrity": "sha512-CSF+PANU5YSZYviiU88GJBeJADD4g9mydxLRMYtMEqVxhcLyl72b6PkMQnvomZyUZZLbPhfXs42QZcR0We4JOA==",
      "engines": {
        "node": ">=14.0.0",
        "npm": ">=6.0.0"
      }
    },
    "node_modules/uWebSockets.js": {
      "version": "20.51.0",
      "resolved": "git+ssh://git@github.com/uNetworking/uWebSockets.js.git#6609a88ffa9a16ac5158046761356ce03250a0df",
      "license": "Apache-2.0"
    }
  }
}
